
Microsoft Visual Studio Solution File, Format Version 12.00
# Visual Studio Version 17
VisualStudioVersion = 17.4.33122.133
MinimumVisualStudioVersion = 10.0.40219.1
Project("{FAE04EC0-301F-11D3-BF4B-00C04F79EFBC}") = "SUMALINOG_DIP", "SUMALINOG_DIP\SUMALINOG_DIP.csproj", "{C923D1C5-1260-413C-B208-7784D2C5240E}"
EndProject
Global
	GlobalSection(SolutionConfigurationPlatforms) = preSolution
		Debug|Any CPU = Debug|Any CPU
		Release|Any CPU = Release|Any CPU
	EndGlobalSection
	GlobalSection(ProjectConfigurationPlatforms) = postSolution
		{C923D1C5-1260-413C-B208-7784D2C5240E}.Debug|Any CPU.ActiveCfg = Debug|Any CPU
		{C923D1C5-1260-413C-B208-7784D2C5240E}.Debug|Any CPU.Build.0 = Debug|Any CPU
		{C923D1C5-1260-413C-B208-7784D2C5240E}.Release|Any CPU.ActiveCfg = Release|Any CPU
		{C923D1C5-1260-413C-B208-7784D2C5240E}.Release|Any CPU.Build.0 = Release|Any CPU
	EndGlobalSection
	GlobalSection(SolutionProperties) = preSolution
		HideSolutionNode = FALSE
	EndGlobalSection
	GlobalSection(ExtensibilityGlobals) = postSolution
		SolutionGuid = {EEC062F3-ED9C-4969-B3FD-A89C030EF25A}
	EndGlobalSection
EndGlobal
